
Microsoft Visual Studio Solution File, Format Version 12.00
# Visual Studio 15
VisualStudioVersion = 15.0.28010.2046
MinimumVisualStudioVersion = 10.0.40219.1
Project("{D2ABAB84-BF74-430A-B69E-9DC6D40DDA17}") = "Professional Billing", "Professional Billing\Professional Billing.dwproj", "{7D356ED8-326E-490E-932F-67425F606DD1}"
EndProject
Global
	GlobalSection(SolutionConfigurationPlatforms) = preSolution
		Development|Default = Development|Default
	EndGlobalSection
	GlobalSection(ProjectConfigurationPlatforms) = postSolution
		{7D356ED8-326E-490E-932F-67425F606DD1}.Development|Default.ActiveCfg = Development
		{7D356ED8-326E-490E-932F-67425F606DD1}.Development|Default.Build.0 = Development
		{7D356ED8-326E-490E-932F-67425F606DD1}.Development|Default.Deploy.0 = Development
	EndGlobalSection
	GlobalSection(SolutionProperties) = preSolution
		HideSolutionNode = FALSE
	EndGlobalSection
	GlobalSection(ExtensibilityGlobals) = postSolution
		SolutionGuid = {71356386-8B29-467F-A46F-DC7216A19B7E}
	EndGlobalSection
EndGlobal
